
Microsoft Visual Studio Solution File, Format Version 12.00
# Visual Studio Version 16
VisualStudioVersion = 16.0.31402.337
MinimumVisualStudioVersion = 10.0.40219.1
Project("{FAE04EC0-301F-11D3-BF4B-00C04F79EFBC}") = "OurOpenSource.TextUnit.HelpViewer", "OurOpenSource.TextUnit.HelpViewer\OurOpenSource.TextUnit.HelpViewer.csproj", "{D0349617-BC20-473B-A393-01BDB38B58AA}"
EndProject
Global
	GlobalSection(SolutionConfigurationPlatforms) = preSolution
		Debug|Any CPU = Debug|Any CPU
		Release|Any CPU = Release|Any CPU
	EndGlobalSection
	GlobalSection(ProjectConfigurationPlatforms) = postSolution
		{D0349617-BC20-473B-A393-01BDB38B58AA}.Debug|Any CPU.ActiveCfg = Debug|Any CPU
		{D0349617-BC20-473B-A393-01BDB38B58AA}.Debug|Any CPU.Build.0 = Debug|Any CPU
		{D0349617-BC20-473B-A393-01BDB38B58AA}.Release|Any CPU.ActiveCfg = Release|Any CPU
		{D0349617-BC20-473B-A393-01BDB38B58AA}.Release|Any CPU.Build.0 = Release|Any CPU
	EndGlobalSection
	GlobalSection(SolutionProperties) = preSolution
		HideSolutionNode = FALSE
	EndGlobalSection
	GlobalSection(ExtensibilityGlobals) = postSolution
		SolutionGuid = {58A67FC6-447D-43C0-ABC4-6B3B39D7BAC4}
	EndGlobalSection
EndGlobal
